
Microsoft Visual Studio Solution File, Format Version 12.00
# Visual Studio Version 17
VisualStudioVersion = 17.7.34024.191
MinimumVisualStudioVersion = 10.0.40219.1
Project("{FAE04EC0-301F-11D3-BF4B-00C04F79EFBC}") = "DosLenguajes", "DosLenguajes\DosLenguajes.csproj", "{3575D070-C66A-4B85-A40C-0614B56059D6}"
EndProject
Global
	GlobalSection(SolutionConfigurationPlatforms) = preSolution
		Debug|Any CPU = Debug|Any CPU
		Release|Any CPU = Release|Any CPU
	EndGlobalSection
	GlobalSection(ProjectConfigurationPlatforms) = postSolution
		{3575D070-C66A-4B85-A40C-0614B56059D6}.Debug|Any CPU.ActiveCfg = Debug|Any CPU
		{3575D070-C66A-4B85-A40C-0614B56059D6}.Debug|Any CPU.Build.0 = Debug|Any CPU
		{3575D070-C66A-4B85-A40C-0614B56059D6}.Release|Any CPU.ActiveCfg = Release|Any CPU
		{3575D070-C66A-4B85-A40C-0614B56059D6}.Release|Any CPU.Build.0 = Release|Any CPU
	EndGlobalSection
	GlobalSection(SolutionProperties) = preSolution
		HideSolutionNode = FALSE
	EndGlobalSection
	GlobalSection(ExtensibilityGlobals) = postSolution
		SolutionGuid = {12FD59D5-237A-43DF-BD88-59CE02F4F91A}
	EndGlobalSection
EndGlobal
